
Microsoft Visual Studio Solution File, Format Version 12.00
# Visual Studio Version 17
VisualStudioVersion = 17.4.33122.133
MinimumVisualStudioVersion = 10.0.40219.1
Project("{FAE04EC0-301F-11D3-BF4B-00C04F79EFBC}") = "ConsoleApp49", "ConsoleApp49\ConsoleApp49.csproj", "{F3B26C41-6D10-44E0-AF12-37246C11A887}"
EndProject
Global
	GlobalSection(SolutionConfigurationPlatforms) = preSolution
		Debug|Any CPU = Debug|Any CPU
		Release|Any CPU = Release|Any CPU
	EndGlobalSection
	GlobalSection(ProjectConfigurationPlatforms) = postSolution
		{F3B26C41-6D10-44E0-AF12-37246C11A887}.Debug|Any CPU.ActiveCfg = Debug|Any CPU
		{F3B26C41-6D10-44E0-AF12-37246C11A887}.Debug|Any CPU.Build.0 = Debug|Any CPU
		{F3B26C41-6D10-44E0-AF12-37246C11A887}.Release|Any CPU.ActiveCfg = Release|Any CPU
		{F3B26C41-6D10-44E0-AF12-37246C11A887}.Release|Any CPU.Build.0 = Release|Any CPU
	EndGlobalSection
	GlobalSection(SolutionProperties) = preSolution
		HideSolutionNode = FALSE
	EndGlobalSection
	GlobalSection(ExtensibilityGlobals) = postSolution
		SolutionGuid = {9DD6EBB3-4637-4760-A514-02A2D7820882}
	EndGlobalSection
EndGlobal
